
Microsoft Visual Studio Solution File, Format Version 12.00
# Visual Studio 15
VisualStudioVersion = 15.0.28307.1082
MinimumVisualStudioVersion = 10.0.40219.1
Project("{8BC9CEB8-8B4A-11D0-8D11-00A0C91BC942}") = "Singletone", "Singletone\Singletone.vcxproj", "{2DB2A045-7F01-42B1-B1DF-1621CE5D659B}"
EndProject
Project("{8BC9CEB8-8B4A-11D0-8D11-00A0C91BC942}") = "Builder", "Builder\Builder.vcxproj", "{13300D01-48F8-4BCD-AAE7-8E7934A49DBB}"
EndProject
Project("{8BC9CEB8-8B4A-11D0-8D11-00A0C91BC942}") = "Factory", "Factory\Factory.vcxproj", "{F524B158-72E4-474A-AD61-B08C08CF25F5}"
EndProject
Project("{8BC9CEB8-8B4A-11D0-8D11-00A0C91BC942}") = "AbstractFactory", "AbstractFactory\AbstractFactory.vcxproj", "{33B0BB62-5CF5-40D0-B452-0CCE068820ED}"
EndProject
Project("{8BC9CEB8-8B4A-11D0-8D11-00A0C91BC942}") = "Prototype", "Prototype\Prototype.vcxproj", "{3E6CDB9C-A44E-4D7C-9A43-3F6932661C30}"
EndProject
Global
	GlobalSection(SolutionConfigurationPlatforms) = preSolution
		Debug|x64 = Debug|x64
		Debug|x86 = Debug|x86
		Release|x64 = Release|x64
		Release|x86 = Release|x86
	EndGlobalSection
	GlobalSection(ProjectConfigurationPlatforms) = postSolution
		{2DB2A045-7F01-42B1-B1DF-1621CE5D659B}.Debug|x64.ActiveCfg = Debug|x64
		{2DB2A045-7F01-42B1-B1DF-1621CE5D659B}.Debug|x64.Build.0 = Debug|x64
		{2DB2A045-7F01-42B1-B1DF-1621CE5D659B}.Debug|x86.ActiveCfg = Debug|Win32
		{2DB2A045-7F01-42B1-B1DF-1621CE5D659B}.Debug|x86.Build.0 = Debug|Win32
		{2DB2A045-7F01-42B1-B1DF-1621CE5D659B}.Release|x64.ActiveCfg = Release|x64
		{2DB2A045-7F01-42B1-B1DF-1621CE5D659B}.Release|x64.Build.0 = Release|x64
		{2DB2A045-7F01-42B1-B1DF-1621CE5D659B}.Release|x86.ActiveCfg = Release|Win32
		{2DB2A045-7F01-42B1-B1DF-1621CE5D659B}.Release|x86.Build.0 = Release|Win32
		{13300D01-48F8-4BCD-AAE7-8E7934A49DBB}.Debug|x64.ActiveCfg = Debug|x64
		{13300D01-48F8-4BCD-AAE7-8E7934A49DBB}.Debug|x64.Build.0 = Debug|x64
		{13300D01-48F8-4BCD-AAE7-8E7934A49DBB}.Debug|x86.ActiveCfg = Debug|Win32
		{13300D01-48F8-4BCD-AAE7-8E7934A49DBB}.Debug|x86.Build.0 = Debug|Win32
		{13300D01-48F8-4BCD-AAE7-8E7934A49DBB}.Release|x64.ActiveCfg = Release|x64
		{13300D01-48F8-4BCD-AAE7-8E7934A49DBB}.Release|x64.Build.0 = Release|x64
		{13300D01-48F8-4BCD-AAE7-8E7934A49DBB}.Release|x86.ActiveCfg = Release|Win32
		{13300D01-48F8-4BCD-AAE7-8E7934A49DBB}.Release|x86.Build.0 = Release|Win32
		{F524B158-72E4-474A-AD61-B08C08CF25F5}.Debug|x64.ActiveCfg = Debug|x64
		{F524B158-72E4-474A-AD61-B08C08CF25F5}.Debug|x64.Build.0 = Debug|x64
		{F524B158-72E4-474A-AD61-B08C08CF25F5}.Debug|x86.ActiveCfg = Debug|Win32
		{F524B158-72E4-474A-AD61-B08C08CF25F5}.Debug|x86.Build.0 = Debug|Win32
		{F524B158-72E4-474A-AD61-B08C08CF25F5}.Release|x64.ActiveCfg = Release|x64
		{F524B158-72E4-474A-AD61-B08C08CF25F5}.Release|x64.Build.0 = Release|x64
		{F524B158-72E4-474A-AD61-B08C08CF25F5}.Release|x86.ActiveCfg = Release|Win32
		{F524B158-72E4-474A-AD61-B08C08CF25F5}.Release|x86.Build.0 = Release|Win32
		{33B0BB62-5CF5-40D0-B452-0CCE068820ED}.Debug|x64.ActiveCfg = Debug|x64
		{33B0BB62-5CF5-40D0-B452-0CCE068820ED}.Debug|x64.Build.0 = Debug|x64
		{33B0BB62-5CF5-40D0-B452-0CCE068820ED}.Debug|x86.ActiveCfg = Debug|Win32
		{33B0BB62-5CF5-40D0-B452-0CCE068820ED}.Debug|x86.Build.0 = Debug|Win32
		{33B0BB62-5CF5-40D0-B452-0CCE068820ED}.Release|x64.ActiveCfg = Release|x64
		{33B0BB62-5CF5-40D0-B452-0CCE068820ED}.Release|x64.Build.0 = Release|x64
		{33B0BB62-5CF5-40D0-B452-0CCE068820ED}.Release|x86.ActiveCfg = Release|Win32
		{33B0BB62-5CF5-40D0-B452-0CCE068820ED}.Release|x86.Build.0 = Release|Win32
		{3E6CDB9C-A44E-4D7C-9A43-3F6932661C30}.Debug|x64.ActiveCfg = Debug|x64
		{3E6CDB9C-A44E-4D7C-9A43-3F6932661C30}.Debug|x64.Build.0 = Debug|x64
		{3E6CDB9C-A44E-4D7C-9A43-3F6932661C30}.Debug|x86.ActiveCfg = Debug|Win32
		{3E6CDB9C-A44E-4D7C-9A43-3F6932661C30}.Debug|x86.Build.0 = Debug|Win32
		{3E6CDB9C-A44E-4D7C-9A43-3F6932661C30}.Release|x64.ActiveCfg = Release|x64
		{3E6CDB9C-A44E-4D7C-9A43-3F6932661C30}.Release|x64.Build.0 = Release|x64
		{3E6CDB9C-A44E-4D7C-9A43-3F6932661C30}.Release|x86.ActiveCfg = Release|Win32
		{3E6CDB9C-A44E-4D7C-9A43-3F6932661C30}.Release|x86.Build.0 = Release|Win32
	EndGlobalSection
	GlobalSection(SolutionProperties) = preSolution
		HideSolutionNode = FALSE
	EndGlobalSection
	GlobalSection(ExtensibilityGlobals) = postSolution
		SolutionGuid = {9AA7489B-01AD-4766-A25F-21707D1E6CB7}
	EndGlobalSection
EndGlobal
